// !$*UTF8*$!
{
	archiveVersion = 1;
	classes = {
	};
	objectVersion = 46;
	objects = {

/* Begin PBXBuildFile section */
		75F0CE621F6E9A4F00765251 /* main.cpp in Sources */ = {isa = PBXBuildFile; fileRef = 75F0CE611F6E9A4F00765251 /* main.cpp */; };
		75F0CE6A1F6E9A6E00765251 /* RK4.cpp in Sources */ = {isa = PBXBuildFile; fileRef = 75F0CE681F6E9A6E00765251 /* RK4.cpp */; };
/* End PBXBuildFile section */

/* Begin PBXCopyFilesBuildPhase section */
		75F0CE5C1F6E9A4F00765251 /* CopyFiles */ = {
			isa = PBXCopyFilesBuildPhase;
			buildActionMask = 2147483647;
			dstPath = /usr/share/man/man1/;
			dstSubfolderSpec = 0;
			files = (
			);
			runOnlyForDeploymentPostprocessing = 1;
		};
/* End PBXCopyFilesBuildPhase section */

/* Begin PBXFileReference section */
		75411FC71F890DBF00D7FCE8 /* ODESolver.h */ = {isa = PBXFileReference; lastKnownFileType = sourcecode.c.h; path = ODESolver.h; sourceTree = "<group>"; };
		75F0CE5E1F6E9A4F00765251 /* RK4 */ = {isa = PBXFileReference; explicitFileType = "compiled.mach-o.executable"; includeInIndex = 0; path = RK4; sourceTree = BUILT_PRODUCTS_DIR; };
		75F0CE611F6E9A4F00765251 /* main.cpp */ = {isa = PBXFileReference; lastKnownFileType = sourcecode.cpp.cpp; path = main.cpp; sourceTree = "<group>"; };
		75F0CE681F6E9A6E00765251 /* RK4.cpp */ = {isa = PBXFileReference; fileEncoding = 4; lastKnownFileType = sourcecode.cpp.cpp; path = RK4.cpp; sourceTree = "<group>"; };
		75F0CE691F6E9A6E00765251 /* RK4.h */ = {isa = PBXFileReference; fileEncoding = 4; lastKnownFileType = sourcecode.c.h; path = RK4.h; sourceTree = "<group>"; };
/* End PBXFileReference section */

/* Begin PBXFrameworksBuildPhase section */
		75F0CE5B1F6E9A4F00765251 /* Frameworks */ = {
			isa = PBXFrameworksBuildPhase;
			buildActionMask = 2147483647;
			files = (
			);
			runOnlyForDeploymentPostprocessing = 0;
		};
/* End PBXFrameworksBuildPhase section */

/* Begin PBXGroup section */
		75F0CE551F6E9A4F00765251 = {
			isa = PBXGroup;
			children = (
				75F0CE601F6E9A4F00765251 /* RK4 */,
				75F0CE5F1F6E9A4F00765251 /* Products */,
			);
			sourceTree = "<group>";
		};
		75F0CE5F1F6E9A4F00765251 /* Products */ = {
			isa = PBXGroup;
			children = (
				75F0CE5E1F6E9A4F00765251 /* RK4 */,
			);
			name = Products;
			sourceTree = "<group>";
		};
		75F0CE601F6E9A4F00765251 /* RK4 */ = {
			isa = PBXGroup;
			children = (
				75F0CE681F6E9A6E00765251 /* RK4.cpp */,
				75F0CE691F6E9A6E00765251 /* RK4.h */,
				75411FC71F890DBF00D7FCE8 /* ODESolver.h */,
				75F0CE611F6E9A4F00765251 /* main.cpp */,
			);
			path = RK4;
			sourceTree = "<group>";
		};
/* End PBXGroup section */

/* Begin PBXNativeTarget section */
		75F0CE5D1F6E9A4F00765251 /* RK4 */ = {
			isa = PBXNativeTarget;
			buildConfigurationList = 75F0CE651F6E9A4F00765251 /* Build configuration list for PBXNativeTarget "RK4" */;
			buildPhases = (
				75F0CE5A1F6E9A4F00765251 /* Sources */,
				75F0CE5B1F6E9A4F00765251 /* Frameworks */,
				75F0CE5C1F6E9A4F00765251 /* CopyFiles */,
			);
			buildRules = (
			);
			dependencies = (
			);
			name = RK4;
			productName = RK4;
			productReference = 75F0CE5E1F6E9A4F00765251 /* RK4 */;
			productType = "com.apple.product-type.tool";
		};
/* End PBXNativeTarget section */

/* Begin PBXProject section */
		75F0CE561F6E9A4F00765251 /* Project object */ = {
			isa = PBXProject;
			attributes = {
				LastUpgradeCheck = 0900;
				ORGANIZATIONNAME = "Vaughan Thomas";
				TargetAttributes = {
					75F0CE5D1F6E9A4F00765251 = {
						CreatedOnToolsVersion = 8.3.3;
						ProvisioningStyle = Automatic;
					};
				};
			};
			buildConfigurationList = 75F0CE591F6E9A4F00765251 /* Build configuration list for PBXProject "RK4" */;
			compatibilityVersion = "Xcode 3.2";
			developmentRegion = English;
			hasScannedForEncodings = 0;
			knownRegions = (
				en,
			);
			mainGroup = 75F0CE551F6E9A4F00765251;
			productRefGroup = 75F0CE5F1F6E9A4F00765251 /* Products */;
			projectDirPath = "";
			projectRoot = "";
			targets = (
				75F0CE5D1F6E9A4F00765251 /* RK4 */,
			);
		};
/* End PBXProject section */

/* Begin PBXSourcesBuildPhase section */
		75F0CE5A1F6E9A4F00765251 /* Sources */ = {
			isa = PBXSourcesBuildPhase;
			buildActionMask = 2147483647;
			files = (
				75F0CE621F6E9A4F00765251 /* main.cpp in Sources */,
				75F0CE6A1F6E9A6E00765251 /* RK4.cpp in Sources */,
			);
			runOnlyForDeploymentPostprocessing = 0;
		};
/* End PBXSourcesBuildPhase section */

/* Begin XCBuildConfiguration section */
		75F0CE631F6E9A4F00765251 /* Debug */ = {
			isa = XCBuildConfiguration;
			buildSettings = {
				ALWAYS_SEARCH_USER_PATHS = NO;
				CLANG_ANALYZER_NONNULL = YES;
				CLANG_ANALYZER_NUMBER_OBJECT_CONVERSION = YES_AGGRESSIVE;
				CLANG_CXX_LANGUAGE_STANDARD = "gnu++0x";
				CLANG_CXX_LIBRARY = "libc++";
				CLANG_ENABLE_MODULES = YES;
				CLANG_ENABLE_OBJC_ARC = YES;
				CLANG_WARN_BOOL_CONVERSION = YES;
				CLANG_WARN_CONSTANT_CONVERSION = YES;
				CLANG_WARN_DIRECT_OBJC_ISA_USAGE = YES_ERROR;
				CLANG_WARN_DOCUMENTATION_COMMENTS = YES;
				CLANG_WARN_EMPTY_BODY = YES;
				CLANG_WARN_ENUM_CONVERSION = YES;
				CLANG_WARN_INFINITE_RECURSION = YES;
				CLANG_WARN_INT_CONVERSION = YES;
				CLANG_WARN_OBJC_ROOT_CLASS = YES_ERROR;
				CLANG_WARN_SUSPICIOUS_MOVE = YES;
				CLANG_WARN_UNREACHABLE_CODE = YES;
				CLANG_WARN__DUPLICATE_METHOD_MATCH = YES;
				CODE_SIGN_IDENTITY = "-";
				COPY_PHASE_STRIP = NO;
				DEBUG_INFORMATION_FORMAT = dwarf;
				ENABLE_STRICT_OBJC_MSGSEND = YES;
				ENABLE_TESTABILITY = YES;
				GCC_C_LANGUAGE_STANDARD = gnu99;
				GCC_DYNAMIC_NO_PIC = NO;
				GCC_NO_COMMON_BLOCKS = YES;
				GCC_OPTIMIZATION_LEVEL = 0;
				GCC_PREPROCESSOR_DEFINITIONS = (
					"DEBUG=1",
					"$(inherited)",
				);
				GCC_WARN_64_TO_32_BIT_CONVERSION = YES;
				GCC_WARN_ABOUT_RETURN_TYPE = YES_ERROR;
				GCC_WARN_UNDECLARED_SELECTOR = YES;
				GCC_WARN_UNINITIALIZED_AUTOS = YES_AGGRESSIVE;
				GCC_WARN_UNUSED_FUNCTION = YES;
				GCC_WARN_UNUSED_VARIABLE = YES;
				MACOSX_DEPLOYMENT_TARGET = 10.12;
				MTL_ENABLE_DEBUG_INFO = YES;
				ONLY_ACTIVE_ARCH = YES;
				SDKROOT = macosx;
			};
			name = Debug;
		};
		75F0CE641F6E9A4F00765251 /* Release */ = {
			isa = XCBuildConfiguration;
			buildSettings = {
				ALWAYS_SEARCH_USER_PATHS = NO;
				CLANG_ANALYZER_NONNULL = YES;
				CLANG_ANALYZER_NUMBER_OBJECT_CONVERSION = YES_AGGRESSIVE;
				CLANG_CXX_LANGUAGE_STANDARD = "gnu++0x";
				CLANG_CXX_LIBRARY = "libc++";
				CLANG_ENABLE_MODULES = YES;
				CLANG_ENABLE_OBJC_ARC = YES;
				CLANG_WARN_BOOL_CONVERSION = YES;
				CLANG_WARN_CONSTANT_CONVERSION = YES;
				CLANG_WARN_DIRECT_OBJC_ISA_USAGE = YES_ERROR;
				CLANG_WARN_DOCUMENTATION_COMMENTS = YES;
				CLANG_WARN_EMPTY_BODY = YES;
				CLANG_WARN_ENUM_CONVERSION = YES;
				CLANG_WARN_INFINITE_RECURSION = YES;
				CLANG_WARN_INT_CONVERSION = YES;
				CLANG_WARN_OBJC_ROOT_CLASS = YES_ERROR;
				CLANG_WARN_SUSPICIOUS_MOVE = YES;
				CLANG_WARN_UNREACHABLE_CODE = YES;
				CLANG_WARN__DUPLICATE_METHOD_MATCH = YES;
				CODE_SIGN_IDENTITY = "-";
				COPY_PHASE_STRIP = NO;
				DEBUG_INFORMATION_FORMAT = "dwarf-with-dsym";
				ENABLE_NS_ASSERTIONS = NO;
				ENABLE_STRICT_OBJC_MSGSEND = YES;
				GCC_C_LANGUAGE_STANDARD = gnu99;
				GCC_NO_COMMON_BLOCKS = YES;
				GCC_WARN_64_TO_32_BIT_CONVERSION = YES;
				GCC_WARN_ABOUT_RETURN_TYPE = YES_ERROR;
				GCC_WARN_UNDECLARED_SELECTOR = YES;
				GCC_WARN_UNINITIALIZED_AUTOS = YES_AGGRESSIVE;
				GCC_WARN_UNUSED_FUNCTION = YES;
				GCC_WARN_UNUSED_VARIABLE = YES;
				MACOSX_DEPLOYMENT_TARGET = 10.12;
				MTL_ENABLE_DEBUG_INFO = NO;
				SDKROOT = macosx;
			};
			name = Release;
		};
		75F0CE661F6E9A4F00765251 /* Debug */ = {
			isa = XCBuildConfiguration;
			buildSettings = {
				PRODUCT_NAME = "$(TARGET_NAME)";
			};
			name = Debug;
		};
		75F0CE671F6E9A4F00765251 /* Release */ = {
			isa = XCBuildConfiguration;
			buildSettings = {
				PRODUCT_NAME = "$(TARGET_NAME)";
			};
			name = Release;
		};
/* End XCBuildConfiguration section */

/* Begin XCConfigurationList section */
		75F0CE591F6E9A4F00765251 /* Build configuration list for PBXProject "RK4" */ = {
			isa = XCConfigurationList;
			buildConfigurations = (
				75F0CE631F6E9A4F00765251 /* Debug */,
				75F0CE641F6E9A4F00765251 /* Release */,
			);
			defaultConfigurationIsVisible = 0;
			defaultConfigurationName = Release;
		};
		75F0CE651F6E9A4F00765251 /* Build configuration list for PBXNativeTarget "RK4" */ = {
			isa = XCConfigurationList;
			buildConfigurations = (
				75F0CE661F6E9A4F00765251 /* Debug */,
				75F0CE671F6E9A4F00765251 /* Release */,
			);
			defaultConfigurationIsVisible = 0;
			defaultConfigurationName = Release;
		};
/* End XCConfigurationList section */
	};
	rootObject = 75F0CE561F6E9A4F00765251 /* Project object */;
}
